// !$*UTF8*$!
{
	archiveVersion = 1;
	classes = {
	};
	objectVersion = 46;
	objects = {

/* Begin PBXBuildFile section */
		046762A61ED067C7000EF8DF /* AppDelegate.m in Sources */ = {isa = PBXBuildFile; fileRef = 046762A51ED067C7000EF8DF /* AppDelegate.m */; };
		046762A91ED067C7000EF8DF /* main.m in Sources */ = {isa = PBXBuildFile; fileRef = 046762A81ED067C7000EF8DF /* main.m */; };
		046762AC1ED067C7000EF8DF /* ViewController.m in Sources */ = {isa = PBXBuildFile; fileRef = 046762AB1ED067C7000EF8DF /* ViewController.m */; };
		046762AE1ED067C7000EF8DF /* Assets.xcassets in Resources */ = {isa = PBXBuildFile; fileRef = 046762AD1ED067C7000EF8DF /* Assets.xcassets */; };
		046762B11ED067C7000EF8DF /* Main.storyboard in Resources */ = {isa = PBXBuildFile; fileRef = 046762AF1ED067C7000EF8DF /* Main.storyboard */; };
/* End PBXBuildFile section */

/* Begin PBXFileReference section */
		046762A11ED067C7000EF8DF /* AnySwitcher.app */ = {isa = PBXFileReference; explicitFileType = wrapper.application; includeInIndex = 0; path = AnySwitcher.app; sourceTree = BUILT_PRODUCTS_DIR; };
		046762A41ED067C7000EF8DF /* AppDelegate.h */ = {isa = PBXFileReference; lastKnownFileType = sourcecode.c.h; path = AppDelegate.h; sourceTree = "<group>"; };
		046762A51ED067C7000EF8DF /* AppDelegate.m */ = {isa = PBXFileReference; lastKnownFileType = sourcecode.c.objc; path = AppDelegate.m; sourceTree = "<group>"; };
		046762A81ED067C7000EF8DF /* main.m */ = {isa = PBXFileReference; lastKnownFileType = sourcecode.c.objc; path = main.m; sourceTree = "<group>"; };
		046762AA1ED067C7000EF8DF /* ViewController.h */ = {isa = PBXFileReference; lastKnownFileType = sourcecode.c.h; path = ViewController.h; sourceTree = "<group>"; };
		046762AB1ED067C7000EF8DF /* ViewController.m */ = {isa = PBXFileReference; lastKnownFileType = sourcecode.c.objc; path = ViewController.m; sourceTree = "<group>"; };
		046762AD1ED067C7000EF8DF /* Assets.xcassets */ = {isa = PBXFileReference; lastKnownFileType = folder.assetcatalog; path = Assets.xcassets; sourceTree = "<group>"; };
		046762B01ED067C7000EF8DF /* Base */ = {isa = PBXFileReference; lastKnownFileType = file.storyboard; name = Base; path = Base.lproj/Main.storyboard; sourceTree = "<group>"; };
		046762B21ED067C7000EF8DF /* Info.plist */ = {isa = PBXFileReference; lastKnownFileType = text.plist.xml; path = Info.plist; sourceTree = "<group>"; };
/* End PBXFileReference section */

/* Begin PBXFrameworksBuildPhase section */
		0467629E1ED067C7000EF8DF /* Frameworks */ = {
			isa = PBXFrameworksBuildPhase;
			buildActionMask = 2147483647;
			files = (
			);
			runOnlyForDeploymentPostprocessing = 0;
		};
/* End PBXFrameworksBuildPhase section */

/* Begin PBXGroup section */
		046762981ED067C7000EF8DF = {
			isa = PBXGroup;
			children = (
				046762A31ED067C7000EF8DF /* AnySwitcher */,
				046762A21ED067C7000EF8DF /* Products */,
			);
			sourceTree = "<group>";
		};
		046762A21ED067C7000EF8DF /* Products */ = {
			isa = PBXGroup;
			children = (
				046762A11ED067C7000EF8DF /* AnySwitcher.app */,
			);
			name = Products;
			sourceTree = "<group>";
		};
		046762A31ED067C7000EF8DF /* AnySwitcher */ = {
			isa = PBXGroup;
			children = (
				046762A41ED067C7000EF8DF /* AppDelegate.h */,
				046762A51ED067C7000EF8DF /* AppDelegate.m */,
				046762AA1ED067C7000EF8DF /* ViewController.h */,
				046762AB1ED067C7000EF8DF /* ViewController.m */,
				046762A81ED067C7000EF8DF /* main.m */,
				046762AD1ED067C7000EF8DF /* Assets.xcassets */,
				046762AF1ED067C7000EF8DF /* Main.storyboard */,
				046762B21ED067C7000EF8DF /* Info.plist */,
			);
			path = AnySwitcher;
			sourceTree = "<group>";
		};
/* End PBXGroup section */

/* Begin PBXNativeTarget section */
		046762A01ED067C7000EF8DF /* AnySwitcher */ = {
			isa = PBXNativeTarget;
			buildConfigurationList = 046762B51ED067C7000EF8DF /* Build configuration list for PBXNativeTarget "AnySwitcher" */;
			buildPhases = (
				0467629D1ED067C7000EF8DF /* Sources */,
				0467629E1ED067C7000EF8DF /* Frameworks */,
				0467629F1ED067C7000EF8DF /* Resources */,
			);
			buildRules = (
			);
			dependencies = (
			);
			name = AnySwitcher;
			productName = AnySwitcher;
			productReference = 046762A11ED067C7000EF8DF /* AnySwitcher.app */;
			productType = "com.apple.product-type.application";
		};
/* End PBXNativeTarget section */

/* Begin PBXProject section */
		046762991ED067C7000EF8DF /* Project object */ = {
			isa = PBXProject;
			attributes = {
				LastUpgradeCheck = 0830;
				ORGANIZATIONNAME = yourname;
				TargetAttributes = {
					046762A01ED067C7000EF8DF = {
						CreatedOnToolsVersion = 8.3.2;
						ProvisioningStyle = Automatic;
					};
				};
			};
			buildConfigurationList = 0467629C1ED067C7000EF8DF /* Build configuration list for PBXProject "AnySwitcher" */;
			compatibilityVersion = "Xcode 3.2";
			developmentRegion = English;
			hasScannedForEncodings = 0;
			knownRegions = (
				en,
				Base,
			);
			mainGroup = 046762981ED067C7000EF8DF;
			productRefGroup = 046762A21ED067C7000EF8DF /* Products */;
			projectDirPath = "";
			projectRoot = "";
			targets = (
				046762A01ED067C7000EF8DF /* AnySwitcher */,
			);
		};
/* End PBXProject section */

/* Begin PBXResourcesBuildPhase section */
		0467629F1ED067C7000EF8DF /* Resources */ = {
			isa = PBXResourcesBuildPhase;
			buildActionMask = 2147483647;
			files = (
				046762AE1ED067C7000EF8DF /* Assets.xcassets in Resources */,
				046762B11ED067C7000EF8DF /* Main.storyboard in Resources */,
			);
			runOnlyForDeploymentPostprocessing = 0;
		};
/* End PBXResourcesBuildPhase section */

/* Begin PBXSourcesBuildPhase section */
		0467629D1ED067C7000EF8DF /* Sources */ = {
			isa = PBXSourcesBuildPhase;
			buildActionMask = 2147483647;
			files = (
				046762AC1ED067C7000EF8DF /* ViewController.m in Sources */,
				046762A91ED067C7000EF8DF /* main.m in Sources */,
				046762A61ED067C7000EF8DF /* AppDelegate.m in Sources */,
			);
			runOnlyForDeploymentPostprocessing = 0;
		};
/* End PBXSourcesBuildPhase section */

/* Begin PBXVariantGroup section */
		046762AF1ED067C7000EF8DF /* Main.storyboard */ = {
			isa = PBXVariantGroup;
			children = (
				046762B01ED067C7000EF8DF /* Base */,
			);
			name = Main.storyboard;
			sourceTree = "<group>";
		};
/* End PBXVariantGroup section */

/* Begin XCBuildConfiguration section */
		046762B31ED067C7000EF8DF /* Debug */ = {
			isa = XCBuildConfiguration;
			buildSettings = {
				ALWAYS_SEARCH_USER_PATHS = NO;
				CLANG_ANALYZER_NONNULL = YES;
				CLANG_ANALYZER_NUMBER_OBJECT_CONVERSION = YES_AGGRESSIVE;
				CLANG_CXX_LANGUAGE_STANDARD = "gnu++0x";
				CLANG_CXX_LIBRARY = "libc++";
				CLANG_ENABLE_MODULES = YES;
				CLANG_ENABLE_OBJC_ARC = YES;
				CLANG_WARN_BOOL_CONVERSION = YES;
				CLANG_WARN_CONSTANT_CONVERSION = YES;
				CLANG_WARN_DIRECT_OBJC_ISA_USAGE = YES_ERROR;
				CLANG_WARN_DOCUMENTATION_COMMENTS = YES;
				CLANG_WARN_EMPTY_BODY = YES;
				CLANG_WARN_ENUM_CONVERSION = YES;
				CLANG_WARN_INFINITE_RECURSION = YES;
				CLANG_WARN_INT_CONVERSION = YES;
				CLANG_WARN_OBJC_ROOT_CLASS = YES_ERROR;
				CLANG_WARN_SUSPICIOUS_MOVE = YES;
				CLANG_WARN_UNREACHABLE_CODE = YES;
				CLANG_WARN__DUPLICATE_METHOD_MATCH = YES;
				CODE_SIGN_IDENTITY = "-";
				COPY_PHASE_STRIP = NO;
				DEBUG_INFORMATION_FORMAT = dwarf;
				ENABLE_STRICT_OBJC_MSGSEND = YES;
				ENABLE_TESTABILITY = YES;
				GCC_C_LANGUAGE_STANDARD = gnu99;
				GCC_DYNAMIC_NO_PIC = NO;
				GCC_NO_COMMON_BLOCKS = YES;
				GCC_OPTIMIZATION_LEVEL = 0;
				GCC_PREPROCESSOR_DEFINITIONS = (
					"DEBUG=1",
					"$(inherited)",
				);
				GCC_WARN_64_TO_32_BIT_CONVERSION = YES;
				GCC_WARN_ABOUT_RETURN_TYPE = YES_ERROR;
				GCC_WARN_UNDECLARED_SELECTOR = YES;
				GCC_WARN_UNINITIALIZED_AUTOS = YES_AGGRESSIVE;
				GCC_WARN_UNUSED_FUNCTION = YES;
				GCC_WARN_UNUSED_VARIABLE = YES;
				MACOSX_DEPLOYMENT_TARGET = 10.12;
				MTL_ENABLE_DEBUG_INFO = YES;
				ONLY_ACTIVE_ARCH = YES;
				SDKROOT = macosx;
			};
			name = Debug;
		};
		046762B41ED067C7000EF8DF /* Release */ = {
			isa = XCBuildConfiguration;
			buildSettings = {
				ALWAYS_SEARCH_USER_PATHS = NO;
				CLANG_ANALYZER_NONNULL = YES;
				CLANG_ANALYZER_NUMBER_OBJECT_CONVERSION = YES_AGGRESSIVE;
				CLANG_CXX_LANGUAGE_STANDARD = "gnu++0x";
				CLANG_CXX_LIBRARY = "libc++";
				CLANG_ENABLE_MODULES = YES;
				CLANG_ENABLE_OBJC_ARC = YES;
				CLANG_WARN_BOOL_CONVERSION = YES;
				CLANG_WARN_CONSTANT_CONVERSION = YES;
				CLANG_WARN_DIRECT_OBJC_ISA_USAGE = YES_ERROR;
				CLANG_WARN_DOCUMENTATION_COMMENTS = YES;
				CLANG_WARN_EMPTY_BODY = YES;
				CLANG_WARN_ENUM_CONVERSION = YES;
				CLANG_WARN_INFINITE_RECURSION = YES;
				CLANG_WARN_INT_CONVERSION = YES;
				CLANG_WARN_OBJC_ROOT_CLASS = YES_ERROR;
				CLANG_WARN_SUSPICIOUS_MOVE = YES;
				CLANG_WARN_UNREACHABLE_CODE = YES;
				CLANG_WARN__DUPLICATE_METHOD_MATCH = YES;
				CODE_SIGN_IDENTITY = "-";
				COPY_PHASE_STRIP = NO;
				DEBUG_INFORMATION_FORMAT = "dwarf-with-dsym";
				ENABLE_NS_ASSERTIONS = NO;
				ENABLE_STRICT_OBJC_MSGSEND = YES;
				GCC_C_LANGUAGE_STANDARD = gnu99;
				GCC_NO_COMMON_BLOCKS = YES;
				GCC_WARN_64_TO_32_BIT_CONVERSION = YES;
				GCC_WARN_ABOUT_RETURN_TYPE = YES_ERROR;
				GCC_WARN_UNDECLARED_SELECTOR = YES;
				GCC_WARN_UNINITIALIZED_AUTOS = YES_AGGRESSIVE;
				GCC_WARN_UNUSED_FUNCTION = YES;
				GCC_WARN_UNUSED_VARIABLE = YES;
				MACOSX_DEPLOYMENT_TARGET = 10.12;
				MTL_ENABLE_DEBUG_INFO = NO;
				SDKROOT = macosx;
			};
			name = Release;
		};
		046762B61ED067C7000EF8DF /* Debug */ = {
			isa = XCBuildConfiguration;
			buildSettings = {
				ASSETCATALOG_COMPILER_APPICON_NAME = AppIcon;
				COMBINE_HIDPI_IMAGES = YES;
				INFOPLIST_FILE = AnySwitcher/Info.plist;
				LD_RUNPATH_SEARCH_PATHS = "$(inherited) @executable_path/../Frameworks";
				PRODUCT_BUNDLE_IDENTIFIER = com.yourname.AnySwitcher;
				PRODUCT_NAME = "$(TARGET_NAME)";
			};
			name = Debug;
		};
		046762B71ED067C7000EF8DF /* Release */ = {
			isa = XCBuildConfiguration;
			buildSettings = {
				ASSETCATALOG_COMPILER_APPICON_NAME = AppIcon;
				COMBINE_HIDPI_IMAGES = YES;
				INFOPLIST_FILE = AnySwitcher/Info.plist;
				LD_RUNPATH_SEARCH_PATHS = "$(inherited) @executable_path/../Frameworks";
				PRODUCT_BUNDLE_IDENTIFIER = com.yourname.AnySwitcher;
				PRODUCT_NAME = "$(TARGET_NAME)";
			};
			name = Release;
		};
/* End XCBuildConfiguration section */

/* Begin XCConfigurationList section */
		0467629C1ED067C7000EF8DF /* Build configuration list for PBXProject "AnySwitcher" */ = {
			isa = XCConfigurationList;
			buildConfigurations = (
				046762B31ED067C7000EF8DF /* Debug */,
				046762B41ED067C7000EF8DF /* Release */,
			);
			defaultConfigurationIsVisible = 0;
			defaultConfigurationName = Release;
		};
		046762B51ED067C7000EF8DF /* Build configuration list for PBXNativeTarget "AnySwitcher" */ = {
			isa = XCConfigurationList;
			buildConfigurations = (
				046762B61ED067C7000EF8DF /* Debug */,
				046762B71ED067C7000EF8DF /* Release */,
			);
			defaultConfigurationIsVisible = 0;
			defaultConfigurationName = Release;
		};
/* End XCConfigurationList section */
	};
	rootObject = 046762991ED067C7000EF8DF /* Project object */;
}
