// !$*UTF8*$!
{
	archiveVersion = 1;
	classes = {
	};
	objectVersion = 46;
	objects = {

/* Begin PBXBuildFile section */
		823A8C401B47F16C008167B8 /* NetWork.swift in Sources */ = {isa = PBXBuildFile; fileRef = 823A8C3F1B47F16C008167B8 /* NetWork.swift */; };
		823A8C441B47F197008167B8 /* SwiftyJSON.swift in Sources */ = {isa = PBXBuildFile; fileRef = 823A8C431B47F197008167B8 /* SwiftyJSON.swift */; };
		8299F2481B47A5A800ED4C84 /* Upload.swift in Sources */ = {isa = PBXBuildFile; fileRef = 8299F2471B47A5A800ED4C84 /* Upload.swift */; };
		82AF2C851B27155600E32654 /* AppDelegate.swift in Sources */ = {isa = PBXBuildFile; fileRef = 82AF2C841B27155600E32654 /* AppDelegate.swift */; };
		82AF2C871B27155600E32654 /* ViewController.swift in Sources */ = {isa = PBXBuildFile; fileRef = 82AF2C861B27155600E32654 /* ViewController.swift */; };
		82AF2C8A1B27155600E32654 /* Main.storyboard in Resources */ = {isa = PBXBuildFile; fileRef = 82AF2C881B27155600E32654 /* Main.storyboard */; };
		82AF2C8C1B27155600E32654 /* Images.xcassets in Resources */ = {isa = PBXBuildFile; fileRef = 82AF2C8B1B27155600E32654 /* Images.xcassets */; };
		82AF2C8F1B27155600E32654 /* LaunchScreen.xib in Resources */ = {isa = PBXBuildFile; fileRef = 82AF2C8D1B27155600E32654 /* LaunchScreen.xib */; };
		82AF2C9B1B27155700E32654 /* NetWorkOpTests.swift in Sources */ = {isa = PBXBuildFile; fileRef = 82AF2C9A1B27155700E32654 /* NetWorkOpTests.swift */; };
/* End PBXBuildFile section */

/* Begin PBXContainerItemProxy section */
		82AF2C951B27155700E32654 /* PBXContainerItemProxy */ = {
			isa = PBXContainerItemProxy;
			containerPortal = 82AF2C771B27155600E32654 /* Project object */;
			proxyType = 1;
			remoteGlobalIDString = 82AF2C7E1B27155600E32654;
			remoteInfo = NetWorkOp;
		};
/* End PBXContainerItemProxy section */

/* Begin PBXFileReference section */
		823A8C3F1B47F16C008167B8 /* NetWork.swift */ = {isa = PBXFileReference; fileEncoding = 4; lastKnownFileType = sourcecode.swift; path = NetWork.swift; sourceTree = "<group>"; };
		823A8C421B47F197008167B8 /* SwiftyJSON.h */ = {isa = PBXFileReference; fileEncoding = 4; lastKnownFileType = sourcecode.c.h; path = SwiftyJSON.h; sourceTree = "<group>"; };
		823A8C431B47F197008167B8 /* SwiftyJSON.swift */ = {isa = PBXFileReference; fileEncoding = 4; lastKnownFileType = sourcecode.swift; path = SwiftyJSON.swift; sourceTree = "<group>"; };
		8299F2471B47A5A800ED4C84 /* Upload.swift */ = {isa = PBXFileReference; fileEncoding = 4; lastKnownFileType = sourcecode.swift; path = Upload.swift; sourceTree = "<group>"; };
		82AF2C7F1B27155600E32654 /* NetWorkOp.app */ = {isa = PBXFileReference; explicitFileType = wrapper.application; includeInIndex = 0; path = NetWorkOp.app; sourceTree = BUILT_PRODUCTS_DIR; };
		82AF2C831B27155600E32654 /* Info.plist */ = {isa = PBXFileReference; lastKnownFileType = text.plist.xml; path = Info.plist; sourceTree = "<group>"; };
		82AF2C841B27155600E32654 /* AppDelegate.swift */ = {isa = PBXFileReference; lastKnownFileType = sourcecode.swift; path = AppDelegate.swift; sourceTree = "<group>"; };
		82AF2C861B27155600E32654 /* ViewController.swift */ = {isa = PBXFileReference; lastKnownFileType = sourcecode.swift; path = ViewController.swift; sourceTree = "<group>"; };
		82AF2C891B27155600E32654 /* Base */ = {isa = PBXFileReference; lastKnownFileType = file.storyboard; name = Base; path = Base.lproj/Main.storyboard; sourceTree = "<group>"; };
		82AF2C8B1B27155600E32654 /* Images.xcassets */ = {isa = PBXFileReference; lastKnownFileType = folder.assetcatalog; path = Images.xcassets; sourceTree = "<group>"; };
		82AF2C8E1B27155600E32654 /* Base */ = {isa = PBXFileReference; lastKnownFileType = file.xib; name = Base; path = Base.lproj/LaunchScreen.xib; sourceTree = "<group>"; };
		82AF2C941B27155700E32654 /* NetWorkOpTests.xctest */ = {isa = PBXFileReference; explicitFileType = wrapper.cfbundle; includeInIndex = 0; path = NetWorkOpTests.xctest; sourceTree = BUILT_PRODUCTS_DIR; };
		82AF2C991B27155700E32654 /* Info.plist */ = {isa = PBXFileReference; lastKnownFileType = text.plist.xml; path = Info.plist; sourceTree = "<group>"; };
		82AF2C9A1B27155700E32654 /* NetWorkOpTests.swift */ = {isa = PBXFileReference; lastKnownFileType = sourcecode.swift; path = NetWorkOpTests.swift; sourceTree = "<group>"; };
/* End PBXFileReference section */

/* Begin PBXFrameworksBuildPhase section */
		82AF2C7C1B27155600E32654 /* Frameworks */ = {
			isa = PBXFrameworksBuildPhase;
			buildActionMask = 2147483647;
			files = (
			);
			runOnlyForDeploymentPostprocessing = 0;
		};
		82AF2C911B27155700E32654 /* Frameworks */ = {
			isa = PBXFrameworksBuildPhase;
			buildActionMask = 2147483647;
			files = (
			);
			runOnlyForDeploymentPostprocessing = 0;
		};
/* End PBXFrameworksBuildPhase section */

/* Begin PBXGroup section */
		823A8C411B47F197008167B8 /* SwiftyJSON */ = {
			isa = PBXGroup;
			children = (
				823A8C421B47F197008167B8 /* SwiftyJSON.h */,
				823A8C431B47F197008167B8 /* SwiftyJSON.swift */,
			);
			path = SwiftyJSON;
			sourceTree = "<group>";
		};
		829838B11B46F8440016004C /* NetWorkOperation */ = {
			isa = PBXGroup;
			children = (
				823A8C3F1B47F16C008167B8 /* NetWork.swift */,
				8299F2471B47A5A800ED4C84 /* Upload.swift */,
			);
			path = NetWorkOperation;
			sourceTree = "<group>";
		};
		82AF2C761B27155600E32654 = {
			isa = PBXGroup;
			children = (
				82AF2C811B27155600E32654 /* NetWorkOp */,
				82AF2C971B27155700E32654 /* NetWorkOpTests */,
				82AF2C801B27155600E32654 /* Products */,
			);
			sourceTree = "<group>";
		};
		82AF2C801B27155600E32654 /* Products */ = {
			isa = PBXGroup;
			children = (
				82AF2C7F1B27155600E32654 /* NetWorkOp.app */,
				82AF2C941B27155700E32654 /* NetWorkOpTests.xctest */,
			);
			name = Products;
			sourceTree = "<group>";
		};
		82AF2C811B27155600E32654 /* NetWorkOp */ = {
			isa = PBXGroup;
			children = (
				823A8C411B47F197008167B8 /* SwiftyJSON */,
				829838B11B46F8440016004C /* NetWorkOperation */,
				82AF2C841B27155600E32654 /* AppDelegate.swift */,
				82AF2C861B27155600E32654 /* ViewController.swift */,
				82AF2C881B27155600E32654 /* Main.storyboard */,
				82AF2C8B1B27155600E32654 /* Images.xcassets */,
				82AF2C8D1B27155600E32654 /* LaunchScreen.xib */,
				82AF2C821B27155600E32654 /* Supporting Files */,
			);
			path = NetWorkOp;
			sourceTree = "<group>";
		};
		82AF2C821B27155600E32654 /* Supporting Files */ = {
			isa = PBXGroup;
			children = (
				82AF2C831B27155600E32654 /* Info.plist */,
			);
			name = "Supporting Files";
			sourceTree = "<group>";
		};
		82AF2C971B27155700E32654 /* NetWorkOpTests */ = {
			isa = PBXGroup;
			children = (
				82AF2C9A1B27155700E32654 /* NetWorkOpTests.swift */,
				82AF2C981B27155700E32654 /* Supporting Files */,
			);
			path = NetWorkOpTests;
			sourceTree = "<group>";
		};
		82AF2C981B27155700E32654 /* Supporting Files */ = {
			isa = PBXGroup;
			children = (
				82AF2C991B27155700E32654 /* Info.plist */,
			);
			name = "Supporting Files";
			sourceTree = "<group>";
		};
/* End PBXGroup section */

/* Begin PBXNativeTarget section */
		82AF2C7E1B27155600E32654 /* NetWorkOp */ = {
			isa = PBXNativeTarget;
			buildConfigurationList = 82AF2C9E1B27155700E32654 /* Build configuration list for PBXNativeTarget "NetWorkOp" */;
			buildPhases = (
				82AF2C7B1B27155600E32654 /* Sources */,
				82AF2C7C1B27155600E32654 /* Frameworks */,
				82AF2C7D1B27155600E32654 /* Resources */,
			);
			buildRules = (
			);
			dependencies = (
			);
			name = NetWorkOp;
			productName = NetWorkOp;
			productReference = 82AF2C7F1B27155600E32654 /* NetWorkOp.app */;
			productType = "com.apple.product-type.application";
		};
		82AF2C931B27155700E32654 /* NetWorkOpTests */ = {
			isa = PBXNativeTarget;
			buildConfigurationList = 82AF2CA11B27155700E32654 /* Build configuration list for PBXNativeTarget "NetWorkOpTests" */;
			buildPhases = (
				82AF2C901B27155700E32654 /* Sources */,
				82AF2C911B27155700E32654 /* Frameworks */,
				82AF2C921B27155700E32654 /* Resources */,
			);
			buildRules = (
			);
			dependencies = (
				82AF2C961B27155700E32654 /* PBXTargetDependency */,
			);
			name = NetWorkOpTests;
			productName = NetWorkOpTests;
			productReference = 82AF2C941B27155700E32654 /* NetWorkOpTests.xctest */;
			productType = "com.apple.product-type.bundle.unit-test";
		};
/* End PBXNativeTarget section */

/* Begin PBXProject section */
		82AF2C771B27155600E32654 /* Project object */ = {
			isa = PBXProject;
			attributes = {
				LastSwiftMigration = 0710;
				LastSwiftUpdateCheck = 0710;
				LastUpgradeCheck = 0710;
				ORGANIZATIONNAME = midoks;
				TargetAttributes = {
					82AF2C7E1B27155600E32654 = {
						CreatedOnToolsVersion = 6.3.2;
					};
					82AF2C931B27155700E32654 = {
						CreatedOnToolsVersion = 6.3.2;
						TestTargetID = 82AF2C7E1B27155600E32654;
					};
				};
			};
			buildConfigurationList = 82AF2C7A1B27155600E32654 /* Build configuration list for PBXProject "NetWorkOp" */;
			compatibilityVersion = "Xcode 3.2";
			developmentRegion = English;
			hasScannedForEncodings = 0;
			knownRegions = (
				en,
				Base,
			);
			mainGroup = 82AF2C761B27155600E32654;
			productRefGroup = 82AF2C801B27155600E32654 /* Products */;
			projectDirPath = "";
			projectRoot = "";
			targets = (
				82AF2C7E1B27155600E32654 /* NetWorkOp */,
				82AF2C931B27155700E32654 /* NetWorkOpTests */,
			);
		};
/* End PBXProject section */

/* Begin PBXResourcesBuildPhase section */
		82AF2C7D1B27155600E32654 /* Resources */ = {
			isa = PBXResourcesBuildPhase;
			buildActionMask = 2147483647;
			files = (
				82AF2C8A1B27155600E32654 /* Main.storyboard in Resources */,
				82AF2C8F1B27155600E32654 /* LaunchScreen.xib in Resources */,
				82AF2C8C1B27155600E32654 /* Images.xcassets in Resources */,
			);
			runOnlyForDeploymentPostprocessing = 0;
		};
		82AF2C921B27155700E32654 /* Resources */ = {
			isa = PBXResourcesBuildPhase;
			buildActionMask = 2147483647;
			files = (
			);
			runOnlyForDeploymentPostprocessing = 0;
		};
/* End PBXResourcesBuildPhase section */

/* Begin PBXSourcesBuildPhase section */
		82AF2C7B1B27155600E32654 /* Sources */ = {
			isa = PBXSourcesBuildPhase;
			buildActionMask = 2147483647;
			files = (
				8299F2481B47A5A800ED4C84 /* Upload.swift in Sources */,
				82AF2C871B27155600E32654 /* ViewController.swift in Sources */,
				823A8C401B47F16C008167B8 /* NetWork.swift in Sources */,
				823A8C441B47F197008167B8 /* SwiftyJSON.swift in Sources */,
				82AF2C851B27155600E32654 /* AppDelegate.swift in Sources */,
			);
			runOnlyForDeploymentPostprocessing = 0;
		};
		82AF2C901B27155700E32654 /* Sources */ = {
			isa = PBXSourcesBuildPhase;
			buildActionMask = 2147483647;
			files = (
				82AF2C9B1B27155700E32654 /* NetWorkOpTests.swift in Sources */,
			);
			runOnlyForDeploymentPostprocessing = 0;
		};
/* End PBXSourcesBuildPhase section */

/* Begin PBXTargetDependency section */
		82AF2C961B27155700E32654 /* PBXTargetDependency */ = {
			isa = PBXTargetDependency;
			target = 82AF2C7E1B27155600E32654 /* NetWorkOp */;
			targetProxy = 82AF2C951B27155700E32654 /* PBXContainerItemProxy */;
		};
/* End PBXTargetDependency section */

/* Begin PBXVariantGroup section */
		82AF2C881B27155600E32654 /* Main.storyboard */ = {
			isa = PBXVariantGroup;
			children = (
				82AF2C891B27155600E32654 /* Base */,
			);
			name = Main.storyboard;
			sourceTree = "<group>";
		};
		82AF2C8D1B27155600E32654 /* LaunchScreen.xib */ = {
			isa = PBXVariantGroup;
			children = (
				82AF2C8E1B27155600E32654 /* Base */,
			);
			name = LaunchScreen.xib;
			sourceTree = "<group>";
		};
/* End PBXVariantGroup section */

/* Begin XCBuildConfiguration section */
		82AF2C9C1B27155700E32654 /* Debug */ = {
			isa = XCBuildConfiguration;
			buildSettings = {
				ALWAYS_SEARCH_USER_PATHS = NO;
				CLANG_CXX_LANGUAGE_STANDARD = "gnu++0x";
				CLANG_CXX_LIBRARY = "libc++";
				CLANG_ENABLE_MODULES = YES;
				CLANG_ENABLE_OBJC_ARC = YES;
				CLANG_WARN_BOOL_CONVERSION = YES;
				CLANG_WARN_CONSTANT_CONVERSION = YES;
				CLANG_WARN_DIRECT_OBJC_ISA_USAGE = YES_ERROR;
				CLANG_WARN_EMPTY_BODY = YES;
				CLANG_WARN_ENUM_CONVERSION = YES;
				CLANG_WARN_INT_CONVERSION = YES;
				CLANG_WARN_OBJC_ROOT_CLASS = YES_ERROR;
				CLANG_WARN_UNREACHABLE_CODE = YES;
				CLANG_WARN__DUPLICATE_METHOD_MATCH = YES;
				"CODE_SIGN_IDENTITY[sdk=iphoneos*]" = "iPhone Developer";
				COPY_PHASE_STRIP = NO;
				DEBUG_INFORMATION_FORMAT = "dwarf-with-dsym";
				ENABLE_STRICT_OBJC_MSGSEND = YES;
				ENABLE_TESTABILITY = YES;
				GCC_C_LANGUAGE_STANDARD = gnu99;
				GCC_DYNAMIC_NO_PIC = NO;
				GCC_NO_COMMON_BLOCKS = YES;
				GCC_OPTIMIZATION_LEVEL = 0;
				GCC_PREPROCESSOR_DEFINITIONS = (
					"DEBUG=1",
					"$(inherited)",
				);
				GCC_SYMBOLS_PRIVATE_EXTERN = NO;
				GCC_WARN_64_TO_32_BIT_CONVERSION = YES;
				GCC_WARN_ABOUT_RETURN_TYPE = YES_ERROR;
				GCC_WARN_UNDECLARED_SELECTOR = YES;
				GCC_WARN_UNINITIALIZED_AUTOS = YES_AGGRESSIVE;
				GCC_WARN_UNUSED_FUNCTION = YES;
				GCC_WARN_UNUSED_VARIABLE = YES;
				IPHONEOS_DEPLOYMENT_TARGET = 8.3;
				MTL_ENABLE_DEBUG_INFO = YES;
				ONLY_ACTIVE_ARCH = YES;
				SDKROOT = iphoneos;
				SWIFT_OPTIMIZATION_LEVEL = "-Onone";
			};
			name = Debug;
		};
		82AF2C9D1B27155700E32654 /* Release */ = {
			isa = XCBuildConfiguration;
			buildSettings = {
				ALWAYS_SEARCH_USER_PATHS = NO;
				CLANG_CXX_LANGUAGE_STANDARD = "gnu++0x";
				CLANG_CXX_LIBRARY = "libc++";
				CLANG_ENABLE_MODULES = YES;
				CLANG_ENABLE_OBJC_ARC = YES;
				CLANG_WARN_BOOL_CONVERSION = YES;
				CLANG_WARN_CONSTANT_CONVERSION = YES;
				CLANG_WARN_DIRECT_OBJC_ISA_USAGE = YES_ERROR;
				CLANG_WARN_EMPTY_BODY = YES;
				CLANG_WARN_ENUM_CONVERSION = YES;
				CLANG_WARN_INT_CONVERSION = YES;
				CLANG_WARN_OBJC_ROOT_CLASS = YES_ERROR;
				CLANG_WARN_UNREACHABLE_CODE = YES;
				CLANG_WARN__DUPLICATE_METHOD_MATCH = YES;
				"CODE_SIGN_IDENTITY[sdk=iphoneos*]" = "iPhone Developer";
				COPY_PHASE_STRIP = NO;
				DEBUG_INFORMATION_FORMAT = "dwarf-with-dsym";
				ENABLE_NS_ASSERTIONS = NO;
				ENABLE_STRICT_OBJC_MSGSEND = YES;
				GCC_C_LANGUAGE_STANDARD = gnu99;
				GCC_NO_COMMON_BLOCKS = YES;
				GCC_WARN_64_TO_32_BIT_CONVERSION = YES;
				GCC_WARN_ABOUT_RETURN_TYPE = YES_ERROR;
				GCC_WARN_UNDECLARED_SELECTOR = YES;
				GCC_WARN_UNINITIALIZED_AUTOS = YES_AGGRESSIVE;
				GCC_WARN_UNUSED_FUNCTION = YES;
				GCC_WARN_UNUSED_VARIABLE = YES;
				IPHONEOS_DEPLOYMENT_TARGET = 8.3;
				MTL_ENABLE_DEBUG_INFO = NO;
				SDKROOT = iphoneos;
				VALIDATE_PRODUCT = YES;
			};
			name = Release;
		};
		82AF2C9F1B27155700E32654 /* Debug */ = {
			isa = XCBuildConfiguration;
			buildSettings = {
				ASSETCATALOG_COMPILER_APPICON_NAME = AppIcon;
				INFOPLIST_FILE = NetWorkOp/Info.plist;
				LD_RUNPATH_SEARCH_PATHS = "$(inherited) @executable_path/Frameworks";
				PRODUCT_BUNDLE_IDENTIFIER = "com.midoks.$(PRODUCT_NAME:rfc1034identifier)";
				PRODUCT_NAME = "$(TARGET_NAME)";
			};
			name = Debug;
		};
		82AF2CA01B27155700E32654 /* Release */ = {
			isa = XCBuildConfiguration;
			buildSettings = {
				ASSETCATALOG_COMPILER_APPICON_NAME = AppIcon;
				INFOPLIST_FILE = NetWorkOp/Info.plist;
				LD_RUNPATH_SEARCH_PATHS = "$(inherited) @executable_path/Frameworks";
				PRODUCT_BUNDLE_IDENTIFIER = "com.midoks.$(PRODUCT_NAME:rfc1034identifier)";
				PRODUCT_NAME = "$(TARGET_NAME)";
			};
			name = Release;
		};
		82AF2CA21B27155700E32654 /* Debug */ = {
			isa = XCBuildConfiguration;
			buildSettings = {
				BUNDLE_LOADER = "$(TEST_HOST)";
				FRAMEWORK_SEARCH_PATHS = (
					"$(SDKROOT)/Developer/Library/Frameworks",
					"$(inherited)",
				);
				GCC_PREPROCESSOR_DEFINITIONS = (
					"DEBUG=1",
					"$(inherited)",
				);
				INFOPLIST_FILE = NetWorkOpTests/Info.plist;
				LD_RUNPATH_SEARCH_PATHS = "$(inherited) @executable_path/Frameworks @loader_path/Frameworks";
				PRODUCT_BUNDLE_IDENTIFIER = "com.midoks.$(PRODUCT_NAME:rfc1034identifier)";
				PRODUCT_NAME = "$(TARGET_NAME)";
				TEST_HOST = "$(BUILT_PRODUCTS_DIR)/NetWorkOp.app/NetWorkOp";
			};
			name = Debug;
		};
		82AF2CA31B27155700E32654 /* Release */ = {
			isa = XCBuildConfiguration;
			buildSettings = {
				BUNDLE_LOADER = "$(TEST_HOST)";
				FRAMEWORK_SEARCH_PATHS = (
					"$(SDKROOT)/Developer/Library/Frameworks",
					"$(inherited)",
				);
				INFOPLIST_FILE = NetWorkOpTests/Info.plist;
				LD_RUNPATH_SEARCH_PATHS = "$(inherited) @executable_path/Frameworks @loader_path/Frameworks";
				PRODUCT_BUNDLE_IDENTIFIER = "com.midoks.$(PRODUCT_NAME:rfc1034identifier)";
				PRODUCT_NAME = "$(TARGET_NAME)";
				TEST_HOST = "$(BUILT_PRODUCTS_DIR)/NetWorkOp.app/NetWorkOp";
			};
			name = Release;
		};
/* End XCBuildConfiguration section */

/* Begin XCConfigurationList section */
		82AF2C7A1B27155600E32654 /* Build configuration list for PBXProject "NetWorkOp" */ = {
			isa = XCConfigurationList;
			buildConfigurations = (
				82AF2C9C1B27155700E32654 /* Debug */,
				82AF2C9D1B27155700E32654 /* Release */,
			);
			defaultConfigurationIsVisible = 0;
			defaultConfigurationName = Release;
		};
		82AF2C9E1B27155700E32654 /* Build configuration list for PBXNativeTarget "NetWorkOp" */ = {
			isa = XCConfigurationList;
			buildConfigurations = (
				82AF2C9F1B27155700E32654 /* Debug */,
				82AF2CA01B27155700E32654 /* Release */,
			);
			defaultConfigurationIsVisible = 0;
			defaultConfigurationName = Release;
		};
		82AF2CA11B27155700E32654 /* Build configuration list for PBXNativeTarget "NetWorkOpTests" */ = {
			isa = XCConfigurationList;
			buildConfigurations = (
				82AF2CA21B27155700E32654 /* Debug */,
				82AF2CA31B27155700E32654 /* Release */,
			);
			defaultConfigurationIsVisible = 0;
			defaultConfigurationName = Release;
		};
/* End XCConfigurationList section */
	};
	rootObject = 82AF2C771B27155600E32654 /* Project object */;
}
